
Microsoft Visual Studio Solution File, Format Version 12.00
# Visual Studio Version 17
VisualStudioVersion = 17.3.32929.385
MinimumVisualStudioVersion = 10.0.40219.1
Project("{FAE04EC0-301F-11D3-BF4B-00C04F79EFBC}") = "PM2E2GRUPO4.Android", "PM2E2GRUPO4\PM2E2GRUPO4.Android\PM2E2GRUPO4.Android.csproj", "{0B28BC75-B7F5-4729-AEC9-BE1A8A40450B}"
EndProject
Project("{FAE04EC0-301F-11D3-BF4B-00C04F79EFBC}") = "PM2E2GRUPO4", "PM2E2GRUPO4\PM2E2GRUPO4\PM2E2GRUPO4.csproj", "{337684FE-3B67-490A-9E01-6FFADBBCFEF2}"
EndProject
Global
	GlobalSection(SolutionConfigurationPlatforms) = preSolution
		Debug|Any CPU = Debug|Any CPU
		Release|Any CPU = Release|Any CPU
	EndGlobalSection
	GlobalSection(ProjectConfigurationPlatforms) = postSolution
		{0B28BC75-B7F5-4729-AEC9-BE1A8A40450B}.Debug|Any CPU.ActiveCfg = Debug|Any CPU
		{0B28BC75-B7F5-4729-AEC9-BE1A8A40450B}.Debug|Any CPU.Build.0 = Debug|Any CPU
		{0B28BC75-B7F5-4729-AEC9-BE1A8A40450B}.Debug|Any CPU.Deploy.0 = Debug|Any CPU
		{0B28BC75-B7F5-4729-AEC9-BE1A8A40450B}.Release|Any CPU.ActiveCfg = Release|Any CPU
		{0B28BC75-B7F5-4729-AEC9-BE1A8A40450B}.Release|Any CPU.Build.0 = Release|Any CPU
		{0B28BC75-B7F5-4729-AEC9-BE1A8A40450B}.Release|Any CPU.Deploy.0 = Release|Any CPU
		{337684FE-3B67-490A-9E01-6FFADBBCFEF2}.Debug|Any CPU.ActiveCfg = Debug|Any CPU
		{337684FE-3B67-490A-9E01-6FFADBBCFEF2}.Debug|Any CPU.Build.0 = Debug|Any CPU
		{337684FE-3B67-490A-9E01-6FFADBBCFEF2}.Debug|Any CPU.Deploy.0 = Debug|Any CPU
		{337684FE-3B67-490A-9E01-6FFADBBCFEF2}.Release|Any CPU.ActiveCfg = Release|Any CPU
		{337684FE-3B67-490A-9E01-6FFADBBCFEF2}.Release|Any CPU.Build.0 = Release|Any CPU
		{337684FE-3B67-490A-9E01-6FFADBBCFEF2}.Release|Any CPU.Deploy.0 = Release|Any CPU
	EndGlobalSection
	GlobalSection(SolutionProperties) = preSolution
		HideSolutionNode = FALSE
	EndGlobalSection
	GlobalSection(ExtensibilityGlobals) = postSolution
		SolutionGuid = {5F1F9D42-8A74-4F17-8B8F-B25622A3F243}
	EndGlobalSection
EndGlobal
